lockfileVersion: '9.0'

settings:
  autoInstallPeers: true
  excludeLinksFromLockfile: false

importers:

  .:
    dependencies:
      express:
        specifier: ^4.17.1
        version: 4.21.0
      socket.io:
        specifier: ^3.0.4
        version: 3.1.2

packages:

  '@types/component-emitter@1.2.14':
    resolution: {integrity: sha512-lmPil1g82wwWg/qHSxMWkSKyJGQOK+ejXeMAAWyxNtVUD0/Ycj2maL63RAqpxVfdtvTfZkRnqzB0A9ft59y69g==, tarball: https://registry.npmmirror.com/@types/component-emitter/-/component-emitter-1.2.14.tgz}

  '@types/cookie@0.4.1':
    resolution: {integrity: sha512-XW/Aa8APYr6jSVVA1y/DEIZX0/GMKLEVekNG727R8cs56ahETkRAy/3DR7+fJyh7oUgGwNQaRfXCun0+KbWY7Q==, tarball: https://registry.npmmirror.com/@types/cookie/-/cookie-0.4.1.tgz}

  '@types/cors@2.8.17':
    resolution: {integrity: sha512-8CGDvrBj1zgo2qE+oS3pOCyYNqCPryMWY2bGfwA0dcfopWGgxs+78df0Rs3rc9THP4JkOhLsAa+15VdpAqkcUA==, tarball: https://registry.npmmirror.com/@types/cors/-/cors-2.8.17.tgz}

  '@types/node@22.7.2':
    resolution: {integrity: sha512-866lXSrpGpgyHBZUa2m9YNWqHDjjM0aBTJlNtYaGEw4rqY/dcD7deRVTbBBAJelfA7oaGDbNftXF/TL/A6RgoA==, tarball: https://registry.npmmirror.com/@types/node/-/node-22.7.2.tgz}

  accepts@1.3.8:
    resolution: {integrity: sha512-PYAthTa2m2VKxuvSD3DPC/Gy+U+sOA1LAuT8mkmRuvw+NACSaeXEQ+NHcVF7rONl6qcaxV3Uuemwawk+7+SJLw==, tarball: https://registry.npmmirror.com/accepts/-/accepts-1.3.8.tgz}
    engines: {node: '>= 0.6'}

  array-flatten@1.1.1:
    resolution: {integrity: sha512-PCVAQswWemu6UdxsDFFX/+gVeYqKAod3D3UVm91jHwynguOwAvYPhx8nNlM++NqRcK6CxxpUafjmhIdKiHibqg==, tarball: https://registry.npmmirror.com/array-flatten/-/array-flatten-1.1.1.tgz}

  base64-arraybuffer@0.1.4:
    resolution: {integrity: sha512-a1eIFi4R9ySrbiMuyTGx5e92uRH5tQY6kArNcFaKBUleIoLjdjBg7Zxm3Mqm3Kmkf27HLR/1fnxX9q8GQ7Iavg==, tarball: https://registry.npmmirror.com/base64-arraybuffer/-/base64-arraybuffer-0.1.4.tgz}
    engines: {node: '>= 0.6.0'}

  base64id@2.0.0:
    resolution: {integrity: sha512-lGe34o6EHj9y3Kts9R4ZYs/Gr+6N7MCaMlIFA3F1R2O5/m7K06AxfSeO5530PEERE6/WyEg3lsuyw4GHlPZHog==, tarball: https://registry.npmmirror.com/base64id/-/base64id-2.0.0.tgz}
    engines: {node: ^4.5.0 || >= 5.9}

  body-parser@1.20.3:
    resolution: {integrity: sha512-7rAxByjUMqQ3/bHJy7D6OGXvx/MMc4IqBn/X0fcM1QUcAItpZrBEYhWGem+tzXH90c+G01ypMcYJBO9Y30203g==, tarball: https://registry.npmmirror.com/body-parser/-/body-parser-1.20.3.tgz}
    engines: {node: '>= 0.8', npm: 1.2.8000 || >= 1.4.16}

  bytes@3.1.2:
    resolution: {integrity: sha512-/Nf7TyzTx6S3yRJObOAV7956r8cr2+Oj8AC5dt8wSP3BQAoeX58NoHyCU8P8zGkNXStjTSi6fzO6F0pBdcYbEg==, tarball: https://registry.npmmirror.com/bytes/-/bytes-3.1.2.tgz}
    engines: {node: '>= 0.8'}

  call-bind@1.0.7:
    resolution: {integrity: sha512-GHTSNSYICQ7scH7sZ+M2rFopRoLh8t2bLSW6BbgrtLsahOIB5iyAVJf9GjWK3cYTDaMj4XdBpM1cA6pIS0Kv2w==, tarball: https://registry.npmmirror.com/call-bind/-/call-bind-1.0.7.tgz}
    engines: {node: '>= 0.4'}

  component-emitter@1.3.1:
    resolution: {integrity: sha512-T0+barUSQRTUQASh8bx02dl+DhF54GtIDY13Y3m9oWTklKbb3Wv974meRpeZ3lp1JpLVECWWNHC4vaG2XHXouQ==, tarball: https://registry.npmmirror.com/component-emitter/-/component-emitter-1.3.1.tgz}

  content-disposition@0.5.4:
    resolution: {integrity: sha512-FveZTNuGw04cxlAiWbzi6zTAL/lhehaWbTtgluJh4/E95DqMwTmha3KZN1aAWA8cFIhHzMZUvLevkw5Rqk+tSQ==, tarball: https://registry.npmmirror.com/content-disposition/-/content-disposition-0.5.4.tgz}
    engines: {node: '>= 0.6'}

  content-type@1.0.5:
    resolution: {integrity: sha512-nTjqfcBFEipKdXCv4YDQWCfmcLZKm81ldF0pAopTvyrFGVbcR6P/VAAd5G7N+0tTr8QqiU0tFadD6FK4NtJwOA==, tarball: https://registry.npmmirror.com/content-type/-/content-type-1.0.5.tgz}
    engines: {node: '>= 0.6'}

  cookie-signature@1.0.6:
    resolution: {integrity: sha512-QADzlaHc8icV8I7vbaJXJwod9HWYp8uCqf1xa4OfNu1T7JVxQIrUgOWtHdNDtPiywmFbiS12VjotIXLrKM3orQ==, tarball: https://registry.npmmirror.com/cookie-signature/-/cookie-signature-1.0.6.tgz}

  cookie@0.4.2:
    resolution: {integrity: sha512-aSWTXFzaKWkvHO1Ny/s+ePFpvKsPnjc551iI41v3ny/ow6tBG5Vd+FuqGNhh1LxOmVzOlGUriIlOaokOvhaStA==, tarball: https://registry.npmmirror.com/cookie/-/cookie-0.4.2.tgz}
    engines: {node: '>= 0.6'}

  cookie@0.6.0:
    resolution: {integrity: sha512-U71cyTamuh1CRNCfpGY6to28lxvNwPG4Guz/EVjgf3Jmzv0vlDp1atT9eS5dDjMYHucpHbWns6Lwf3BKz6svdw==, tarball: https://registry.npmmirror.com/cookie/-/cookie-0.6.0.tgz}
    engines: {node: '>= 0.6'}

  cors@2.8.5:
    resolution: {integrity: sha512-KIHbLJqu73RGr/hnbrO9uBeixNGuvSQjul/jdFvS/KFSIH1hWVd1ng7zOHx+YrEfInLG7q4n6GHQ9cDtxv/P6g==, tarball: https://registry.npmmirror.com/cors/-/cors-2.8.5.tgz}
    engines: {node: '>= 0.10'}

  debug@2.6.9:
    resolution: {integrity: sha512-bC7ElrdJaJnPbAP+1EotYvqZsb3ecl5wi6Bfi6BJTUcNowp6cvspg0jXznRTKDjm/E7AdgFBVeAPVMNcKGsHMA==, tarball: https://registry.npmmirror.com/debug/-/debug-2.6.9.tgz}
    peerDependencies:
      supports-color: '*'
    peerDependenciesMeta:
      supports-color:
        optional: true

  debug@4.3.7:
    resolution: {integrity: sha512-Er2nc/H7RrMXZBFCEim6TCmMk02Z8vLC2Rbi1KEBggpo0fS6l0S1nnapwmIi3yW/+GOJap1Krg4w0Hg80oCqgQ==, tarball: https://registry.npmmirror.com/debug/-/debug-4.3.7.tgz}
    engines: {node: '>=6.0'}
    peerDependencies:
      supports-color: '*'
    peerDependenciesMeta:
      supports-color:
        optional: true

  define-data-property@1.1.4:
    resolution: {integrity: sha512-rBMvIzlpA8v6E+SJZoo++HAYqsLrkg7MSfIinMPFhmkorw7X+dOXVJQs+QT69zGkzMyfDnIMN2Wid1+NbL3T+A==, tarball: https://registry.npmmirror.com/define-data-property/-/define-data-property-1.1.4.tgz}
    engines: {node: '>= 0.4'}

  depd@2.0.0:
    resolution: {integrity: sha512-g7nH6P6dyDioJogAAGprGpCtVImJhpPk/roCzdb3fIh61/s/nPsfR6onyMwkCAR/OlC3yBC0lESvUoQEAssIrw==, tarball: https://registry.npmmirror.com/depd/-/depd-2.0.0.tgz}
    engines: {node: '>= 0.8'}

  destroy@1.2.0:
    resolution: {integrity: sha512-2sJGJTaXIIaR1w4iJSNoN0hnMY7Gpc/n8D4qSCJw8QqFWXf7cuAgnEHxBpweaVcPevC2l3KpjYCx3NypQQgaJg==, tarball: https://registry.npmmirror.com/destroy/-/destroy-1.2.0.tgz}
    engines: {node: '>= 0.8', npm: 1.2.8000 || >= 1.4.16}

  ee-first@1.1.1:
    resolution: {integrity: sha512-WMwm9LhRUo+WUaRN+vRuETqG89IgZphVSNkdFgeb6sS/E4OrDIN7t48CAewSHXc6C8lefD8KKfr5vY61brQlow==, tarball: https://registry.npmmirror.com/ee-first/-/ee-first-1.1.1.tgz}

  encodeurl@1.0.2:
    resolution: {integrity: sha512-TPJXq8JqFaVYm2CWmPvnP2Iyo4ZSM7/QKcSmuMLDObfpH5fi7RUGmd/rTDf+rut/saiDiQEeVTNgAmJEdAOx0w==, tarball: https://registry.npmmirror.com/encodeurl/-/encodeurl-1.0.2.tgz}
    engines: {node: '>= 0.8'}

  encodeurl@2.0.0:
    resolution: {integrity: sha512-Q0n9HRi4m6JuGIV1eFlmvJB7ZEVxu93IrMyiMsGC0lrMJMWzRgx6WGquyfQgZVb31vhGgXnfmPNNXmxnOkRBrg==, tarball: https://registry.npmmirror.com/encodeurl/-/encodeurl-2.0.0.tgz}
    engines: {node: '>= 0.8'}

  engine.io-parser@4.0.3:
    resolution: {integrity: sha512-xEAAY0msNnESNPc00e19y5heTPX4y/TJ36gr8t1voOaNmTojP9b3oK3BbJLFufW2XFPQaaijpFewm2g2Um3uqA==, tarball: https://registry.npmmirror.com/engine.io-parser/-/engine.io-parser-4.0.3.tgz}
    engines: {node: '>=8.0.0'}

  engine.io@4.1.2:
    resolution: {integrity: sha512-t5z6zjXuVLhXDMiFJPYsPOWEER8B0tIsD3ETgw19S1yg9zryvUfY3Vhtk3Gf4sihw/bQGIqQ//gjvVlu+Ca0bQ==, tarball: https://registry.npmmirror.com/engine.io/-/engine.io-4.1.2.tgz}
    engines: {node: '>=10.0.0'}

  es-define-property@1.0.0:
    resolution: {integrity: sha512-jxayLKShrEqqzJ0eumQbVhTYQM27CfT1T35+gCgDFoL82JLsXqTJ76zv6A0YLOgEnLUMvLzsDsGIrl8NFpT2gQ==, tarball: https://registry.npmmirror.com/es-define-property/-/es-define-property-1.0.0.tgz}
    engines: {node: '>= 0.4'}

  es-errors@1.3.0:
    resolution: {integrity: sha512-Zf5H2Kxt2xjTvbJvP2ZWLEICxA6j+hAmMzIlypy4xcBg1vKVnx89Wy0GbS+kf5cwCVFFzdCFh2XSCFNULS6csw==, tarball: https://registry.npmmirror.com/es-errors/-/es-errors-1.3.0.tgz}
    engines: {node: '>= 0.4'}

  escape-html@1.0.3:
    resolution: {integrity: sha512-NiSupZ4OeuGwr68lGIeym/ksIZMJodUGOSCZ/FSnTxcrekbvqrgdUxlJOMpijaKZVjAJrWrGs/6Jy8OMuyj9ow==, tarball: https://registry.npmmirror.com/escape-html/-/escape-html-1.0.3.tgz}

  etag@1.8.1:
    resolution: {integrity: sha512-aIL5Fx7mawVa300al2BnEE4iNvo1qETxLrPI/o05L7z6go7fCw1J6EQmbK4FmJ2AS7kgVF/KEZWufBfdClMcPg==, tarball: https://registry.npmmirror.com/etag/-/etag-1.8.1.tgz}
    engines: {node: '>= 0.6'}

  express@4.21.0:
    resolution: {integrity: sha512-VqcNGcj/Id5ZT1LZ/cfihi3ttTn+NJmkli2eZADigjq29qTlWi/hAQ43t/VLPq8+UX06FCEx3ByOYet6ZFblng==, tarball: https://registry.npmmirror.com/express/-/express-4.21.0.tgz}
    engines: {node: '>= 0.10.0'}

  finalhandler@1.3.1:
    resolution: {integrity: sha512-6BN9trH7bp3qvnrRyzsBz+g3lZxTNZTbVO2EV1CS0WIcDbawYVdYvGflME/9QP0h0pYlCDBCTjYa9nZzMDpyxQ==, tarball: https://registry.npmmirror.com/finalhandler/-/finalhandler-1.3.1.tgz}
    engines: {node: '>= 0.8'}

  forwarded@0.2.0:
    resolution: {integrity: sha512-buRG0fpBtRHSTCOASe6hD258tEubFoRLb4ZNA6NxMVHNw2gOcwHo9wyablzMzOA5z9xA9L1KNjk/Nt6MT9aYow==, tarball: https://registry.npmmirror.com/forwarded/-/forwarded-0.2.0.tgz}
    engines: {node: '>= 0.6'}

  fresh@0.5.2:
    resolution: {integrity: sha512-zJ2mQYM18rEFOudeV4GShTGIQ7RbzA7ozbU9I/XBpm7kqgMywgmylMwXHxZJmkVoYkna9d2pVXVXPdYTP9ej8Q==, tarball: https://registry.npmmirror.com/fresh/-/fresh-0.5.2.tgz}
    engines: {node: '>= 0.6'}

  function-bind@1.1.2:
    resolution: {integrity: sha512-7XHNxH7qX9xG5mIwxkhumTox/MIRNcOgDrxWsMt2pAr23WHp6MrRlN7FBSFpCpr+oVO0F744iUgR82nJMfG2SA==, tarball: https://registry.npmmirror.com/function-bind/-/function-bind-1.1.2.tgz}

  get-intrinsic@1.2.4:
    resolution: {integrity: sha512-5uYhsJH8VJBTv7oslg4BznJYhDoRI6waYCxMmCdnTrcCrHA/fCFKoTFz2JKKE0HdDFUF7/oQuhzumXJK7paBRQ==, tarball: https://registry.npmmirror.com/get-intrinsic/-/get-intrinsic-1.2.4.tgz}
    engines: {node: '>= 0.4'}

  gopd@1.0.1:
    resolution: {integrity: sha512-d65bNlIadxvpb/A2abVdlqKqV563juRnZ1Wtk6s1sIR8uNsXR70xqIzVqxVf1eTqDunwT2MkczEeaezCKTZhwA==, tarball: https://registry.npmmirror.com/gopd/-/gopd-1.0.1.tgz}

  has-property-descriptors@1.0.2:
    resolution: {integrity: sha512-55JNKuIW+vq4Ke1BjOTjM2YctQIvCT7GFzHwmfZPGo5wnrgkid0YQtnAleFSqumZm4az3n2BS+erby5ipJdgrg==, tarball: https://registry.npmmirror.com/has-property-descriptors/-/has-property-descriptors-1.0.2.tgz}

  has-proto@1.0.3:
    resolution: {integrity: sha512-SJ1amZAJUiZS+PhsVLf5tGydlaVB8EdFpaSO4gmiUKUOxk8qzn5AIy4ZeJUmh22znIdk/uMAUT2pl3FxzVUH+Q==, tarball: https://registry.npmmirror.com/has-proto/-/has-proto-1.0.3.tgz}
    engines: {node: '>= 0.4'}

  has-symbols@1.0.3:
    resolution: {integrity: sha512-l3LCuF6MgDNwTDKkdYGEihYjt5pRPbEg46rtlmnSPlUbgmB8LOIrKJbYYFBSbnPaJexMKtiPO8hmeRjRz2Td+A==, tarball: https://registry.npmmirror.com/has-symbols/-/has-symbols-1.0.3.tgz}
    engines: {node: '>= 0.4'}

  hasown@2.0.2:
    resolution: {integrity: sha512-0hJU9SCPvmMzIBdZFqNPXWa6dqh7WdH0cII9y+CyS8rG3nL48Bclra9HmKhVVUHyPWNH5Y7xDwAB7bfgSjkUMQ==, tarball: https://registry.npmmirror.com/hasown/-/hasown-2.0.2.tgz}
    engines: {node: '>= 0.4'}

  http-errors@2.0.0:
    resolution: {integrity: sha512-FtwrG/euBzaEjYeRqOgly7G0qviiXoJWnvEH2Z1plBdXgbyjv34pHTSb9zoeHMyDy33+DWy5Wt9Wo+TURtOYSQ==, tarball: https://registry.npmmirror.com/http-errors/-/http-errors-2.0.0.tgz}
    engines: {node: '>= 0.8'}

  iconv-lite@0.4.24:
    resolution: {integrity: sha512-v3MXnZAcvnywkTUEZomIActle7RXXeedOR31wwl7VlyoXO4Qi9arvSenNQWne1TcRwhCL1HwLI21bEqdpj8/rA==, tarball: https://registry.npmmirror.com/iconv-lite/-/iconv-lite-0.4.24.tgz}
    engines: {node: '>=0.10.0'}

  inherits@2.0.4:
    resolution: {integrity: sha512-k/vGaX4/Yla3WzyMCvTQOXYeIHvqOKtnqBduzTHpzpQZzAskKMhZ2K+EnBiSM9zGSoIFeMpXKxa4dYeZIQqewQ==, tarball: https://registry.npmmirror.com/inherits/-/inherits-2.0.4.tgz}

  ipaddr.js@1.9.1:
    resolution: {integrity: sha512-0KI/607xoxSToH7GjN1FfSbLoU0+btTicjsQSWQlh/hZykN8KpmMf7uYwPW3R+akZ6R/w18ZlXSHBYXiYUPO3g==, tarball: https://registry.npmmirror.com/ipaddr.js/-/ipaddr.js-1.9.1.tgz}
    engines: {node: '>= 0.10'}

  media-typer@0.3.0:
    resolution: {integrity: sha512-dq+qelQ9akHpcOl/gUVRTxVIOkAJ1wR3QAvb4RsVjS8oVoFjDGTc679wJYmUmknUF5HwMLOgb5O+a3KxfWapPQ==, tarball: https://registry.npmmirror.com/media-typer/-/media-typer-0.3.0.tgz}
    engines: {node: '>= 0.6'}

  merge-descriptors@1.0.3:
    resolution: {integrity: sha512-gaNvAS7TZ897/rVaZ0nMtAyxNyi/pdbjbAwUpFQpN70GqnVfOiXpeUUMKRBmzXaSQ8DdTX4/0ms62r2K+hE6mQ==, tarball: https://registry.npmmirror.com/merge-descriptors/-/merge-descriptors-1.0.3.tgz}

  methods@1.1.2:
    resolution: {integrity: sha512-iclAHeNqNm68zFtnZ0e+1L2yUIdvzNoauKU4WBA3VvH/vPFieF7qfRlwUZU+DA9P9bPXIS90ulxoUoCH23sV2w==, tarball: https://registry.npmmirror.com/methods/-/methods-1.1.2.tgz}
    engines: {node: '>= 0.6'}

  mime-db@1.52.0:
    resolution: {integrity: sha512-sPU4uV7dYlvtWJxwwxHD0PuihVNiE7TyAbQ5SWxDCB9mUYvOgroQOwYQQOKPJ8CIbE+1ETVlOoK1UC2nU3gYvg==, tarball: https://registry.npmmirror.com/mime-db/-/mime-db-1.52.0.tgz}
    engines: {node: '>= 0.6'}

  mime-types@2.1.35:
    resolution: {integrity: sha512-ZDY+bPm5zTTF+YpCrAU9nK0UgICYPT0QtT1NZWFv4s++TNkcgVaT0g6+4R2uI4MjQjzysHB1zxuWL50hzaeXiw==, tarball: https://registry.npmmirror.com/mime-types/-/mime-types-2.1.35.tgz}
    engines: {node: '>= 0.6'}

  mime@1.6.0:
    resolution: {integrity: sha512-x0Vn8spI+wuJ1O6S7gnbaQg8Pxh4NNHb7KSINmEWKiPE4RKOplvijn+NkmYmmRgP68mc70j2EbeTFRsrswaQeg==, tarball: https://registry.npmmirror.com/mime/-/mime-1.6.0.tgz}
    engines: {node: '>=4'}
    hasBin: true

  ms@2.0.0:
    resolution: {integrity: sha512-Tpp60P6IUJDTuOq/5Z8cdskzJujfwqfOTkrwIwj7IRISpnkJnT6SyJ4PCPnGMoFjC9ddhal5KVIYtAt97ix05A==, tarball: https://registry.npmmirror.com/ms/-/ms-2.0.0.tgz}

  ms@2.1.3:
    resolution: {integrity: sha512-6FlzubTLZG3J2a/NVCAleEhjzq5oxgHyaCU9yYXvcLsvoVaHJq/s5xXI6/XXP6tz7R9xAOtHnSO/tXtF3WRTlA==, tarball: https://registry.npmmirror.com/ms/-/ms-2.1.3.tgz}

  negotiator@0.6.3:
    resolution: {integrity: sha512-+EUsqGPLsM+j/zdChZjsnX51g4XrHFOIXwfnCVPGlQk/k5giakcKsuxCObBRu6DSm9opw/O6slWbJdghQM4bBg==, tarball: https://registry.npmmirror.com/negotiator/-/negotiator-0.6.3.tgz}
    engines: {node: '>= 0.6'}

  object-assign@4.1.1:
    resolution: {integrity: sha512-rJgTQnkUnH1sFw8yT6VSU3zD3sWmu6sZhIseY8VX+GRu3P6F7Fu+JNDoXfklElbLJSnc3FUQHVe4cU5hj+BcUg==, tarball: https://registry.npmmirror.com/object-assign/-/object-assign-4.1.1.tgz}
    engines: {node: '>=0.10.0'}

  object-inspect@1.13.2:
    resolution: {integrity: sha512-IRZSRuzJiynemAXPYtPe5BoI/RESNYR7TYm50MC5Mqbd3Jmw5y790sErYw3V6SryFJD64b74qQQs9wn5Bg/k3g==, tarball: https://registry.npmmirror.com/object-inspect/-/object-inspect-1.13.2.tgz}
    engines: {node: '>= 0.4'}

  on-finished@2.4.1:
    resolution: {integrity: sha512-oVlzkg3ENAhCk2zdv7IJwd/QUD4z2RxRwpkcGY8psCVcCYZNq4wYnVWALHM+brtuJjePWiYF/ClmuDr8Ch5+kg==, tarball: https://registry.npmmirror.com/on-finished/-/on-finished-2.4.1.tgz}
    engines: {node: '>= 0.8'}

  parseurl@1.3.3:
    resolution: {integrity: sha512-CiyeOxFT/JZyN5m0z9PfXw4SCBJ6Sygz1Dpl0wqjlhDEGGBP1GnsUVEL0p63hoG1fcj3fHynXi9NYO4nWOL+qQ==, tarball: https://registry.npmmirror.com/parseurl/-/parseurl-1.3.3.tgz}
    engines: {node: '>= 0.8'}

  path-to-regexp@0.1.10:
    resolution: {integrity: sha512-7lf7qcQidTku0Gu3YDPc8DJ1q7OOucfa/BSsIwjuh56VU7katFvuM8hULfkwB3Fns/rsVF7PwPKVw1sl5KQS9w==, tarball: https://registry.npmmirror.com/path-to-regexp/-/path-to-regexp-0.1.10.tgz}

  proxy-addr@2.0.7:
    resolution: {integrity: sha512-llQsMLSUDUPT44jdrU/O37qlnifitDP+ZwrmmZcoSKyLKvtZxpyV0n2/bD/N4tBAAZ/gJEdZU7KMraoK1+XYAg==, tarball: https://registry.npmmirror.com/proxy-addr/-/proxy-addr-2.0.7.tgz}
    engines: {node: '>= 0.10'}

  qs@6.13.0:
    resolution: {integrity: sha512-+38qI9SOr8tfZ4QmJNplMUxqjbe7LKvvZgWdExBOmd+egZTtjLB67Gu0HRX3u/XOq7UU2Nx6nsjvS16Z9uwfpg==, tarball: https://registry.npmmirror.com/qs/-/qs-6.13.0.tgz}
    engines: {node: '>=0.6'}

  range-parser@1.2.1:
    resolution: {integrity: sha512-Hrgsx+orqoygnmhFbKaHE6c296J+HTAQXoxEF6gNupROmmGJRoyzfG3ccAveqCBrwr/2yxQ5BVd/GTl5agOwSg==, tarball: https://registry.npmmirror.com/range-parser/-/range-parser-1.2.1.tgz}
    engines: {node: '>= 0.6'}

  raw-body@2.5.2:
    resolution: {integrity: sha512-8zGqypfENjCIqGhgXToC8aB2r7YrBX+AQAfIPs/Mlk+BtPTztOvTS01NRW/3Eh60J+a48lt8qsCzirQ6loCVfA==, tarball: https://registry.npmmirror.com/raw-body/-/raw-body-2.5.2.tgz}
    engines: {node: '>= 0.8'}

  safe-buffer@5.2.1:
    resolution: {integrity: sha512-rp3So07KcdmmKbGvgaNxQSJr7bGVSVk5S9Eq1F+ppbRo70+YeaDxkw5Dd8NPN+GD6bjnYm2VuPuCXmpuYvmCXQ==, tarball: https://registry.npmmirror.com/safe-buffer/-/safe-buffer-5.2.1.tgz}

  safer-buffer@2.1.2:
    resolution: {integrity: sha512-YZo3K82SD7Riyi0E1EQPojLz7kpepnSQI9IyPbHHg1XXXevb5dJI7tpyN2ADxGcQbHG7vcyRHk0cbwqcQriUtg==, tarball: https://registry.npmmirror.com/safer-buffer/-/safer-buffer-2.1.2.tgz}

  send@0.19.0:
    resolution: {integrity: sha512-dW41u5VfLXu8SJh5bwRmyYUbAoSB3c9uQh6L8h/KtsFREPWpbX1lrljJo186Jc4nmci/sGUZ9a0a0J2zgfq2hw==, tarball: https://registry.npmmirror.com/send/-/send-0.19.0.tgz}
    engines: {node: '>= 0.8.0'}

  serve-static@1.16.2:
    resolution: {integrity: sha512-VqpjJZKadQB/PEbEwvFdO43Ax5dFBZ2UECszz8bQ7pi7wt//PWe1P6MN7eCnjsatYtBT6EuiClbjSWP2WrIoTw==, tarball: https://registry.npmmirror.com/serve-static/-/serve-static-1.16.2.tgz}
    engines: {node: '>= 0.8.0'}

  set-function-length@1.2.2:
    resolution: {integrity: sha512-pgRc4hJ4/sNjWCSS9AmnS40x3bNMDTknHgL5UaMBTMyJnU90EgWh1Rz+MC9eFu4BuN/UwZjKQuY/1v3rM7HMfg==, tarball: https://registry.npmmirror.com/set-function-length/-/set-function-length-1.2.2.tgz}
    engines: {node: '>= 0.4'}

  setprototypeof@1.2.0:
    resolution: {integrity: sha512-E5LDX7Wrp85Kil5bhZv46j8jOeboKq5JMmYM3gVGdGH8xFpPWXUMsNrlODCrkoxMEeNi/XZIwuRvY4XNwYMJpw==, tarball: https://registry.npmmirror.com/setprototypeof/-/setprototypeof-1.2.0.tgz}

  side-channel@1.0.6:
    resolution: {integrity: sha512-fDW/EZ6Q9RiO8eFG8Hj+7u/oW+XrPTIChwCOM2+th2A6OblDtYYIpve9m+KvI9Z4C9qSEXlaGR6bTEYHReuglA==, tarball: https://registry.npmmirror.com/side-channel/-/side-channel-1.0.6.tgz}
    engines: {node: '>= 0.4'}

  socket.io-adapter@2.1.0:
    resolution: {integrity: sha512-+vDov/aTsLjViYTwS9fPy5pEtTkrbEKsw2M+oVSoFGw6OD1IpvlV1VPhUzNbofCQ8oyMbdYJqDtGdmHQK6TdPg==, tarball: https://registry.npmmirror.com/socket.io-adapter/-/socket.io-adapter-2.1.0.tgz}

  socket.io-parser@4.0.5:
    resolution: {integrity: sha512-sNjbT9dX63nqUFIOv95tTVm6elyIU4RvB1m8dOeZt+IgWwcWklFDOdmGcfo3zSiRsnR/3pJkjY5lfoGqEe4Eig==, tarball: https://registry.npmmirror.com/socket.io-parser/-/socket.io-parser-4.0.5.tgz}
    engines: {node: '>=10.0.0'}

  socket.io@3.1.2:
    resolution: {integrity: sha512-JubKZnTQ4Z8G4IZWtaAZSiRP3I/inpy8c/Bsx2jrwGrTbKeVU5xd6qkKMHpChYeM3dWZSO0QACiGK+obhBNwYw==, tarball: https://registry.npmmirror.com/socket.io/-/socket.io-3.1.2.tgz}
    engines: {node: '>=10.0.0'}

  statuses@2.0.1:
    resolution: {integrity: sha512-RwNA9Z/7PrK06rYLIzFMlaF+l73iwpzsqRIFgbMLbTcLD6cOao82TaWefPXQvB2fOC4AjuYSEndS7N/mTCbkdQ==, tarball: https://registry.npmmirror.com/statuses/-/statuses-2.0.1.tgz}
    engines: {node: '>= 0.8'}

  toidentifier@1.0.1:
    resolution: {integrity: sha512-o5sSPKEkg/DIQNmH43V0/uerLrpzVedkUh8tGNvaeXpfpuwjKenlSox/2O/BTlZUtEe+JG7s5YhEz608PlAHRA==, tarball: https://registry.npmmirror.com/toidentifier/-/toidentifier-1.0.1.tgz}
    engines: {node: '>=0.6'}

  type-is@1.6.18:
    resolution: {integrity: sha512-TkRKr9sUTxEH8MdfuCSP7VizJyzRNMjj2J2do2Jr3Kym598JVdEksuzPQCnlFPW4ky9Q+iA+ma9BGm06XQBy8g==, tarball: https://registry.npmmirror.com/type-is/-/type-is-1.6.18.tgz}
    engines: {node: '>= 0.6'}

  undici-types@6.19.8:
    resolution: {integrity: sha512-ve2KP6f/JnbPBFyobGHuerC9g1FYGn/F8n1LWTwNxCEzd6IfqTwUQcNXgEtmmQ6DlRrC1hrSrBnCZPokRrDHjw==, tarball: https://registry.npmmirror.com/undici-types/-/undici-types-6.19.8.tgz}

  unpipe@1.0.0:
    resolution: {integrity: sha512-pjy2bYhSsufwWlKwPc+l3cN7+wuJlK6uz0YdJEOlQDbl6jo/YlPi4mb8agUkVC8BF7V8NuzeyPNqRksA3hztKQ==, tarball: https://registry.npmmirror.com/unpipe/-/unpipe-1.0.0.tgz}
    engines: {node: '>= 0.8'}

  utils-merge@1.0.1:
    resolution: {integrity: sha512-pMZTvIkT1d+TFGvDOqodOclx0QWkkgi6Tdoa8gC8ffGAAqz9pzPTZWAybbsHHoED/ztMtkv/VoYTYyShUn81hA==, tarball: https://registry.npmmirror.com/utils-merge/-/utils-merge-1.0.1.tgz}
    engines: {node: '>= 0.4.0'}

  vary@1.1.2:
    resolution: {integrity: sha512-BNGbWLfd0eUPabhkXUVm0j8uuvREyTh5ovRa/dyow/BqAbZJyC+5fU+IzQOzmAKzYqYRAISoRhdQr3eIZ/PXqg==, tarball: https://registry.npmmirror.com/vary/-/vary-1.1.2.tgz}
    engines: {node: '>= 0.8'}

  ws@7.4.6:
    resolution: {integrity: sha512-YmhHDO4MzaDLB+M9ym/mDA5z0naX8j7SIlT8f8z+I0VtzsRbekxEutHSme7NPS2qE8StCYQNUnfWdXta/Yu85A==, tarball: https://registry.npmmirror.com/ws/-/ws-7.4.6.tgz}
    engines: {node: '>=8.3.0'}
    peerDependencies:
      bufferutil: ^4.0.1
      utf-8-validate: ^5.0.2
    peerDependenciesMeta:
      bufferutil:
        optional: true
      utf-8-validate:
        optional: true

snapshots:

  '@types/component-emitter@1.2.14': {}

  '@types/cookie@0.4.1': {}

  '@types/cors@2.8.17':
    dependencies:
      '@types/node': 22.7.2

  '@types/node@22.7.2':
    dependencies:
      undici-types: 6.19.8

  accepts@1.3.8:
    dependencies:
      mime-types: 2.1.35
      negotiator: 0.6.3

  array-flatten@1.1.1: {}

  base64-arraybuffer@0.1.4: {}

  base64id@2.0.0: {}

  body-parser@1.20.3:
    dependencies:
      bytes: 3.1.2
      content-type: 1.0.5
      debug: 2.6.9
      depd: 2.0.0
      destroy: 1.2.0
      http-errors: 2.0.0
      iconv-lite: 0.4.24
      on-finished: 2.4.1
      qs: 6.13.0
      raw-body: 2.5.2
      type-is: 1.6.18
      unpipe: 1.0.0
    transitivePeerDependencies:
      - supports-color

  bytes@3.1.2: {}

  call-bind@1.0.7:
    dependencies:
      es-define-property: 1.0.0
      es-errors: 1.3.0
      function-bind: 1.1.2
      get-intrinsic: 1.2.4
      set-function-length: 1.2.2

  component-emitter@1.3.1: {}

  content-disposition@0.5.4:
    dependencies:
      safe-buffer: 5.2.1

  content-type@1.0.5: {}

  cookie-signature@1.0.6: {}

  cookie@0.4.2: {}

  cookie@0.6.0: {}

  cors@2.8.5:
    dependencies:
      object-assign: 4.1.1
      vary: 1.1.2

  debug@2.6.9:
    dependencies:
      ms: 2.0.0

  debug@4.3.7:
    dependencies:
      ms: 2.1.3

  define-data-property@1.1.4:
    dependencies:
      es-define-property: 1.0.0
      es-errors: 1.3.0
      gopd: 1.0.1

  depd@2.0.0: {}

  destroy@1.2.0: {}

  ee-first@1.1.1: {}

  encodeurl@1.0.2: {}

  encodeurl@2.0.0: {}

  engine.io-parser@4.0.3:
    dependencies:
      base64-arraybuffer: 0.1.4

  engine.io@4.1.2:
    dependencies:
      accepts: 1.3.8
      base64id: 2.0.0
      cookie: 0.4.2
      cors: 2.8.5
      debug: 4.3.7
      engine.io-parser: 4.0.3
      ws: 7.4.6
    transitivePeerDependencies:
      - bufferutil
      - supports-color
      - utf-8-validate

  es-define-property@1.0.0:
    dependencies:
      get-intrinsic: 1.2.4

  es-errors@1.3.0: {}

  escape-html@1.0.3: {}

  etag@1.8.1: {}

  express@4.21.0:
    dependencies:
      accepts: 1.3.8
      array-flatten: 1.1.1
      body-parser: 1.20.3
      content-disposition: 0.5.4
      content-type: 1.0.5
      cookie: 0.6.0
      cookie-signature: 1.0.6
      debug: 2.6.9
      depd: 2.0.0
      encodeurl: 2.0.0
      escape-html: 1.0.3
      etag: 1.8.1
      finalhandler: 1.3.1
      fresh: 0.5.2
      http-errors: 2.0.0
      merge-descriptors: 1.0.3
      methods: 1.1.2
      on-finished: 2.4.1
      parseurl: 1.3.3
      path-to-regexp: 0.1.10
      proxy-addr: 2.0.7
      qs: 6.13.0
      range-parser: 1.2.1
      safe-buffer: 5.2.1
      send: 0.19.0
      serve-static: 1.16.2
      setprototypeof: 1.2.0
      statuses: 2.0.1
      type-is: 1.6.18
      utils-merge: 1.0.1
      vary: 1.1.2
    transitivePeerDependencies:
      - supports-color

  finalhandler@1.3.1:
    dependencies:
      debug: 2.6.9
      encodeurl: 2.0.0
      escape-html: 1.0.3
      on-finished: 2.4.1
      parseurl: 1.3.3
      statuses: 2.0.1
      unpipe: 1.0.0
    transitivePeerDependencies:
      - supports-color

  forwarded@0.2.0: {}

  fresh@0.5.2: {}

  function-bind@1.1.2: {}

  get-intrinsic@1.2.4:
    dependencies:
      es-errors: 1.3.0
      function-bind: 1.1.2
      has-proto: 1.0.3
      has-symbols: 1.0.3
      hasown: 2.0.2

  gopd@1.0.1:
    dependencies:
      get-intrinsic: 1.2.4

  has-property-descriptors@1.0.2:
    dependencies:
      es-define-property: 1.0.0

  has-proto@1.0.3: {}

  has-symbols@1.0.3: {}

  hasown@2.0.2:
    dependencies:
      function-bind: 1.1.2

  http-errors@2.0.0:
    dependencies:
      depd: 2.0.0
      inherits: 2.0.4
      setprototypeof: 1.2.0
      statuses: 2.0.1
      toidentifier: 1.0.1

  iconv-lite@0.4.24:
    dependencies:
      safer-buffer: 2.1.2

  inherits@2.0.4: {}

  ipaddr.js@1.9.1: {}

  media-typer@0.3.0: {}

  merge-descriptors@1.0.3: {}

  methods@1.1.2: {}

  mime-db@1.52.0: {}

  mime-types@2.1.35:
    dependencies:
      mime-db: 1.52.0

  mime@1.6.0: {}

  ms@2.0.0: {}

  ms@2.1.3: {}

  negotiator@0.6.3: {}

  object-assign@4.1.1: {}

  object-inspect@1.13.2: {}

  on-finished@2.4.1:
    dependencies:
      ee-first: 1.1.1

  parseurl@1.3.3: {}

  path-to-regexp@0.1.10: {}

  proxy-addr@2.0.7:
    dependencies:
      forwarded: 0.2.0
      ipaddr.js: 1.9.1

  qs@6.13.0:
    dependencies:
      side-channel: 1.0.6

  range-parser@1.2.1: {}

  raw-body@2.5.2:
    dependencies:
      bytes: 3.1.2
      http-errors: 2.0.0
      iconv-lite: 0.4.24
      unpipe: 1.0.0

  safe-buffer@5.2.1: {}

  safer-buffer@2.1.2: {}

  send@0.19.0:
    dependencies:
      debug: 2.6.9
      depd: 2.0.0
      destroy: 1.2.0
      encodeurl: 1.0.2
      escape-html: 1.0.3
      etag: 1.8.1
      fresh: 0.5.2
      http-errors: 2.0.0
      mime: 1.6.0
      ms: 2.1.3
      on-finished: 2.4.1
      range-parser: 1.2.1
      statuses: 2.0.1
    transitivePeerDependencies:
      - supports-color

  serve-static@1.16.2:
    dependencies:
      encodeurl: 2.0.0
      escape-html: 1.0.3
      parseurl: 1.3.3
      send: 0.19.0
    transitivePeerDependencies:
      - supports-color

  set-function-length@1.2.2:
    dependencies:
      define-data-property: 1.1.4
      es-errors: 1.3.0
      function-bind: 1.1.2
      get-intrinsic: 1.2.4
      gopd: 1.0.1
      has-property-descriptors: 1.0.2

  setprototypeof@1.2.0: {}

  side-channel@1.0.6:
    dependencies:
      call-bind: 1.0.7
      es-errors: 1.3.0
      get-intrinsic: 1.2.4
      object-inspect: 1.13.2

  socket.io-adapter@2.1.0: {}

  socket.io-parser@4.0.5:
    dependencies:
      '@types/component-emitter': 1.2.14
      component-emitter: 1.3.1
      debug: 4.3.7
    transitivePeerDependencies:
      - supports-color

  socket.io@3.1.2:
    dependencies:
      '@types/cookie': 0.4.1
      '@types/cors': 2.8.17
      '@types/node': 22.7.2
      accepts: 1.3.8
      base64id: 2.0.0
      debug: 4.3.7
      engine.io: 4.1.2
      socket.io-adapter: 2.1.0
      socket.io-parser: 4.0.5
    transitivePeerDependencies:
      - bufferutil
      - supports-color
      - utf-8-validate

  statuses@2.0.1: {}

  toidentifier@1.0.1: {}

  type-is@1.6.18:
    dependencies:
      media-typer: 0.3.0
      mime-types: 2.1.35

  undici-types@6.19.8: {}

  unpipe@1.0.0: {}

  utils-merge@1.0.1: {}

  vary@1.1.2: {}

  ws@7.4.6: {}
